github.com/gen2brain/gav1d v0.2.5 h1:Zg5/DE1JBdf8kxZqIvNo2ZEizF9DVF9jdPTAKJQZbOY=
github.com/gen2brain/gav1d v0.2.5/go.mod h1:ReFKjHq7pvRhEk+pgRPAo9gOlcrf51sdzVcAbbX7e0E=
github.com/gen2brain/h265 v0.2.3 h1:+fEP2Xf1CoZ21SxA2YpqnPZb6Y/hAEkcgjU1gMsOhrk=
github.com/gen2brain/h265 v0.2.3/go.mod h1:kefpLxLhGpNCUG/q/aabJcD6GqB9Nhet3fNi9xX9Wzw=
github.com/rcarmo/go-264 v0.0.0-20260918175710-241fd4164612 h1:mlbNKJ11fSXfi/BxVEe/IlPwUzMrjS1SnAT+XTvJ2Ws=
github.com/rcarmo/go-264 v0.0.0-20260918175710-241fd4164612/go.mod h1:DfT0hsjYj65x9Y1WRU9gNO/yvZZlvCorI8t4gQxQMX4=
golang.org/x/image v0.46.0 h1:b1+oYj0Jbp6K5MDT4i4/eZpYlk3V8SJhhDKh6LBHAyQ=
golang.org/x/image v0.46.0/go.mod h1:3B3W05VGVQyuXucLINLjXKrqISASfi4Xj+iCVkLMwew=
